
Microsoft Visual Studio Solution File, Format Version 12.00
# Visual Studio 14
VisualStudioVersion = 14.0.25420.1
MinimumVisualStudioVersion = 10.0.40219.1
Project("{FAE04EC0-301F-11D3-BF4B-00C04F79EFBC}") = "BehaviorsValidation", "BehaviorsValidation\BehaviorsValidation\BehaviorsValidation.csproj", "{35571EE6-20BE-4D92-9ACB-11BE474A9A73}"
EndProject
Project("{FAE04EC0-301F-11D3-BF4B-00C04F79EFBC}") = "BehaviorsValidation.Droid", "BehaviorsValidation\BehaviorsValidation.Droid\BehaviorsValidation.Droid.csproj", "{4ABC9600-4B32-4815-9558-98D6148F06B6}"
EndProject
Project("{FAE04EC0-301F-11D3-BF4B-00C04F79EFBC}") = "BehaviorsValidation.iOS", "BehaviorsValidation\BehaviorsValidation.iOS\BehaviorsValidation.iOS.csproj", "{22A0718D-9613-44A0-8F5E-8369CD9DE228}"
EndProject
Project("{FAE04EC0-301F-11D3-BF4B-00C04F79EFBC}") = "BehaviorsValidation.WinPhone", "BehaviorsValidation\BehaviorsValidation.WinPhone\BehaviorsValidation.WinPhone.csproj", "{DBFC815C-9760-4604-852F-E037AB9841CB}"
EndProject
Project("{FAE04EC0-301F-11D3-BF4B-00C04F79EFBC}") = "BehaviorsValidation.Windows", "BehaviorsValidation\BehaviorsValidation.Windows\BehaviorsValidation.Windows.csproj", "{0B53F317-B4AF-47A2-81B9-E1FB6DAA946F}"
EndProject
Project("{FAE04EC0-301F-11D3-BF4B-00C04F79EFBC}") = "BehaviorsValidation.Test", "BehaviorsValidation.Test\BehaviorsValidation.Test.csproj", "{67F9D3A8-F71E-4428-913F-C37AE82CDB24}"
EndProject
Global
	GlobalSection(SolutionConfigurationPlatforms) = preSolution
		Ad-Hoc|Any CPU = Ad-Hoc|Any CPU
		Ad-Hoc|ARM = Ad-Hoc|ARM
		Ad-Hoc|iPhone = Ad-Hoc|iPhone
		Ad-Hoc|iPhoneSimulator = Ad-Hoc|iPhoneSimulator
		Ad-Hoc|x64 = Ad-Hoc|x64
		Ad-Hoc|x86 = Ad-Hoc|x86
		AppStore|Any CPU = AppStore|Any CPU
		AppStore|ARM = AppStore|ARM
		AppStore|iPhone = AppStore|iPhone
		AppStore|iPhoneSimulator = AppStore|iPhoneSimulator
		AppStore|x64 = AppStore|x64
		AppStore|x86 = AppStore|x86
		Debug|Any CPU = Debug|Any CPU
		Debug|ARM = Debug|ARM
		Debug|iPhone = Debug|iPhone
		Debug|iPhoneSimulator = Debug|iPhoneSimulator
		Debug|x64 = Debug|x64
		Debug|x86 = Debug|x86
		Release|Any CPU = Release|Any CPU
		Release|ARM = Release|ARM
		Release|iPhone = Release|iPhone
		Release|iPhoneSimulator = Release|iPhoneSimulator
		Release|x64 = Release|x64
		Release|x86 = Release|x86
	EndGlobalSection
	GlobalSection(ProjectConfigurationPlatforms) = postSolution
		{35571EE6-20BE-4D92-9ACB-11BE474A9A73}.Ad-Hoc|Any CPU.ActiveCfg = Release|Any CPU
		{35571EE6-20BE-4D92-9ACB-11BE474A9A73}.Ad-Hoc|Any CPU.Build.0 = Release|Any CPU
		{35571EE6-20BE-4D92-9ACB-11BE474A9A73}.Ad-Hoc|ARM.ActiveCfg = Release|Any CPU
		{35571EE6-20BE-4D92-9ACB-11BE474A9A73}.Ad-Hoc|ARM.Build.0 = Release|Any CPU
		{35571EE6-20BE-4D92-9ACB-11BE474A9A73}.Ad-Hoc|iPhone.ActiveCfg = Release|Any CPU
		{35571EE6-20BE-4D92-9ACB-11BE474A9A73}.Ad-Hoc|iPhone.Build.0 = Release|Any CPU
		{35571EE6-20BE-4D92-9ACB-11BE474A9A73}.Ad-Hoc|iPhoneSimulator.ActiveCfg = Release|Any CPU
		{35571EE6-20BE-4D92-9ACB-11BE474A9A73}.Ad-Hoc|iPhoneSimulator.Build.0 = Release|Any CPU
		{35571EE6-20BE-4D92-9ACB-11BE474A9A73}.Ad-Hoc|x64.ActiveCfg = Release|Any CPU
		{35571EE6-20BE-4D92-9ACB-11BE474A9A73}.Ad-Hoc|x64.Build.0 = Release|Any CPU
		{35571EE6-20BE-4D92-9ACB-11BE474A9A73}.Ad-Hoc|x86.ActiveCfg = Release|Any CPU
		{35571EE6-20BE-4D92-9ACB-11BE474A9A73}.Ad-Hoc|x86.Build.0 = Release|Any CPU
		{35571EE6-20BE-4D92-9ACB-11BE474A9A73}.AppStore|Any CPU.ActiveCfg = Release|Any CPU
		{35571EE6-20BE-4D92-9ACB-11BE474A9A73}.AppStore|Any CPU.Build.0 = Release|Any CPU
		{35571EE6-20BE-4D92-9ACB-11BE474A9A73}.AppStore|ARM.ActiveCfg = Release|Any CPU
		{35571EE6-20BE-4D92-9ACB-11BE474A9A73}.AppStore|ARM.Build.0 = Release|Any CPU
		{35571EE6-20BE-4D92-9ACB-11BE474A9A73}.AppStore|iPhone.ActiveCfg = Release|Any CPU
		{35571EE6-20BE-4D92-9ACB-11BE474A9A73}.AppStore|iPhone.Build.0 = Release|Any CPU
		{35571EE6-20BE-4D92-9ACB-11BE474A9A73}.AppStore|iPhoneSimulator.ActiveCfg = Release|Any CPU
		{35571EE6-20BE-4D92-9ACB-11BE474A9A73}.AppStore|iPhoneSimulator.Build.0 = Release|Any CPU
		{35571EE6-20BE-4D92-9ACB-11BE474A9A73}.AppStore|x64.ActiveCfg = Release|Any CPU
		{35571EE6-20BE-4D92-9ACB-11BE474A9A73}.AppStore|x64.Build.0 = Release|Any CPU
		{35571EE6-20BE-4D92-9ACB-11BE474A9A73}.AppStore|x86.ActiveCfg = Release|Any CPU
		{35571EE6-20BE-4D92-9ACB-11BE474A9A73}.AppStore|x86.Build.0 = Release|Any CPU
		{35571EE6-20BE-4D92-9ACB-11BE474A9A73}.Debug|Any CPU.ActiveCfg = Debug|Any CPU
		{35571EE6-20BE-4D92-9ACB-11BE474A9A73}.Debug|Any CPU.Build.0 = Debug|Any CPU
		{35571EE6-20BE-4D92-9ACB-11BE474A9A73}.Debug|ARM.ActiveCfg = Debug|Any CPU
		{35571EE6-20BE-4D92-9ACB-11BE474A9A73}.Debug|ARM.Build.0 = Debug|Any CPU
		{35571EE6-20BE-4D92-9ACB-11BE474A9A73}.Debug|iPhone.ActiveCfg = Debug|Any CPU
		{35571EE6-20BE-4D92-9ACB-11BE474A9A73}.Debug|iPhone.Build.0 = Debug|Any CPU
		{35571EE6-20BE-4D92-9ACB-11BE474A9A73}.Debug|iPhoneSimulator.ActiveCfg = Debug|Any CPU
		{35571EE6-20BE-4D92-9ACB-11BE474A9A73}.Debug|iPhoneSimulator.Build.0 = Debug|Any CPU
		{35571EE6-20BE-4D92-9ACB-11BE474A9A73}.Debug|x64.ActiveCfg = Debug|Any CPU
		{35571EE6-20BE-4D92-9ACB-11BE474A9A73}.Debug|x64.Build.0 = Debug|Any CPU
		{35571EE6-20BE-4D92-9ACB-11BE474A9A73}.Debug|x86.ActiveCfg = Debug|Any CPU
		{35571EE6-20BE-4D92-9ACB-11BE474A9A73}.Debug|x86.Build.0 = Debug|Any CPU
		{35571EE6-20BE-4D92-9ACB-11BE474A9A73}.Release|Any CPU.ActiveCfg = Release|Any CPU
		{35571EE6-20BE-4D92-9ACB-11BE474A9A73}.Release|Any CPU.Build.0 = Release|Any CPU
		{35571EE6-20BE-4D92-9ACB-11BE474A9A73}.Release|ARM.ActiveCfg = Release|Any CPU
		{35571EE6-20BE-4D92-9ACB-11BE474A9A73}.Release|ARM.Build.0 = Release|Any CPU
		{35571EE6-20BE-4D92-9ACB-11BE474A9A73}.Release|iPhone.ActiveCfg = Release|Any CPU
		{35571EE6-20BE-4D92-9ACB-11BE474A9A73}.Release|iPhone.Build.0 = Release|Any CPU
		{35571EE6-20BE-4D92-9ACB-11BE474A9A73}.Release|iPhoneSimulator.ActiveCfg = Release|Any CPU
		{35571EE6-20BE-4D92-9ACB-11BE474A9A73}.Release|iPhoneSimulator.Build.0 = Release|Any CPU
		{35571EE6-20BE-4D92-9ACB-11BE474A9A73}.Release|x64.ActiveCfg = Release|Any CPU
		{35571EE6-20BE-4D92-9ACB-11BE474A9A73}.Release|x64.Build.0 = Release|Any CPU
		{35571EE6-20BE-4D92-9ACB-11BE474A9A73}.Release|x86.ActiveCfg = Release|Any CPU
		{35571EE6-20BE-4D92-9ACB-11BE474A9A73}.Release|x86.Build.0 = Release|Any CPU
		{4ABC9600-4B32-4815-9558-98D6148F06B6}.Ad-Hoc|Any CPU.ActiveCfg = Release|Any CPU
		{4ABC9600-4B32-4815-9558-98D6148F06B6}.Ad-Hoc|Any CPU.Build.0 = Release|Any CPU
		{4ABC9600-4B32-4815-9558-98D6148F06B6}.Ad-Hoc|Any CPU.Deploy.0 = Release|Any CPU
		{4ABC9600-4B32-4815-9558-98D6148F06B6}.Ad-Hoc|ARM.ActiveCfg = Release|Any CPU
		{4ABC9600-4B32-4815-9558-98D6148F06B6}.Ad-Hoc|ARM.Build.0 = Release|Any CPU
		{4ABC9600-4B32-4815-9558-98D6148F06B6}.Ad-Hoc|ARM.Deploy.0 = Release|Any CPU
		{4ABC9600-4B32-4815-9558-98D6148F06B6}.Ad-Hoc|iPhone.ActiveCfg = Release|Any CPU
		{4ABC9600-4B32-4815-9558-98D6148F06B6}.Ad-Hoc|iPhone.Build.0 = Release|Any CPU
		{4ABC9600-4B32-4815-9558-98D6148F06B6}.Ad-Hoc|iPhone.Deploy.0 = Release|Any CPU
		{4ABC9600-4B32-4815-9558-98D6148F06B6}.Ad-Hoc|iPhoneSimulator.ActiveCfg = Release|Any CPU
		{4ABC9600-4B32-4815-9558-98D6148F06B6}.Ad-Hoc|iPhoneSimulator.Build.0 = Release|Any CPU
		{4ABC9600-4B32-4815-9558-98D6148F06B6}.Ad-Hoc|iPhoneSimulator.Deploy.0 = Release|Any CPU
		{4ABC9600-4B32-4815-9558-98D6148F06B6}.Ad-Hoc|x64.ActiveCfg = Release|Any CPU
		{4ABC9600-4B32-4815-9558-98D6148F06B6}.Ad-Hoc|x64.Build.0 = Release|Any CPU
		{4ABC9600-4B32-4815-9558-98D6148F06B6}.Ad-Hoc|x64.Deploy.0 = Release|Any CPU
		{4ABC9600-4B32-4815-9558-98D6148F06B6}.Ad-Hoc|x86.ActiveCfg = Release|Any CPU
		{4ABC9600-4B32-4815-9558-98D6148F06B6}.Ad-Hoc|x86.Build.0 = Release|Any CPU
		{4ABC9600-4B32-4815-9558-98D6148F06B6}.Ad-Hoc|x86.Deploy.0 = Release|Any CPU
		{4ABC9600-4B32-4815-9558-98D6148F06B6}.AppStore|Any CPU.ActiveCfg = Release|Any CPU
		{4ABC9600-4B32-4815-9558-98D6148F06B6}.AppStore|Any CPU.Build.0 = Release|Any CPU
		{4ABC9600-4B32-4815-9558-98D6148F06B6}.AppStore|Any CPU.Deploy.0 = Release|Any CPU
		{4ABC9600-4B32-4815-9558-98D6148F06B6}.AppStore|ARM.ActiveCfg = Release|Any CPU
		{4ABC9600-4B32-4815-9558-98D6148F06B6}.AppStore|ARM.Build.0 = Release|Any CPU
		{4ABC9600-4B32-4815-9558-98D6148F06B6}.AppStore|ARM.Deploy.0 = Release|Any CPU
		{4ABC9600-4B32-4815-9558-98D6148F06B6}.AppStore|iPhone.ActiveCfg = Release|Any CPU
		{4ABC9600-4B32-4815-9558-98D6148F06B6}.AppStore|iPhone.Build.0 = Release|Any CPU
		{4ABC9600-4B32-4815-9558-98D6148F06B6}.AppStore|iPhone.Deploy.0 = Release|Any CPU
		{4ABC9600-4B32-4815-9558-98D6148F06B6}.AppStore|iPhoneSimulator.ActiveCfg = Release|Any CPU
		{4ABC9600-4B32-4815-9558-98D6148F06B6}.AppStore|iPhoneSimulator.Build.0 = Release|Any CPU
		{4ABC9600-4B32-4815-9558-98D6148F06B6}.AppStore|iPhoneSimulator.Deploy.0 = Release|Any CPU
		{4ABC9600-4B32-4815-9558-98D6148F06B6}.AppStore|x64.ActiveCfg = Release|Any CPU
		{4ABC9600-4B32-4815-9558-98D6148F06B6}.AppStore|x64.Build.0 = Release|Any CPU
		{4ABC9600-4B32-4815-9558-98D6148F06B6}.AppStore|x64.Deploy.0 = Release|Any CPU
		{4ABC9600-4B32-4815-9558-98D6148F06B6}.AppStore|x86.ActiveCfg = Release|Any CPU
		{4ABC9600-4B32-4815-9558-98D6148F06B6}.AppStore|x86.Build.0 = Release|Any CPU
		{4ABC9600-4B32-4815-9558-98D6148F06B6}.AppStore|x86.Deploy.0 = Release|Any CPU
		{4ABC9600-4B32-4815-9558-98D6148F06B6}.Debug|Any CPU.ActiveCfg = Debug|Any CPU
		{4ABC9600-4B32-4815-9558-98D6148F06B6}.Debug|Any CPU.Build.0 = Debug|Any CPU
		{4ABC9600-4B32-4815-9558-98D6148F06B6}.Debug|Any CPU.Deploy.0 = Debug|Any CPU
		{4ABC9600-4B32-4815-9558-98D6148F06B6}.Debug|ARM.ActiveCfg = Debug|Any CPU
		{4ABC9600-4B32-4815-9558-98D6148F06B6}.Debug|ARM.Build.0 = Debug|Any CPU
		{4ABC9600-4B32-4815-9558-98D6148F06B6}.Debug|ARM.Deploy.0 = Debug|Any CPU
		{4ABC9600-4B32-4815-9558-98D6148F06B6}.Debug|iPhone.ActiveCfg = Debug|Any CPU
		{4ABC9600-4B32-4815-9558-98D6148F06B6}.Debug|iPhone.Build.0 = Debug|Any CPU
		{4ABC9600-4B32-4815-9558-98D6148F06B6}.Debug|iPhone.Deploy.0 = Debug|Any CPU
		{4ABC9600-4B32-4815-9558-98D6148F06B6}.Debug|iPhoneSimulator.ActiveCfg = Debug|Any CPU
		{4ABC9600-4B32-4815-9558-98D6148F06B6}.Debug|iPhoneSimulator.Build.0 = Debug|Any CPU
		{4ABC9600-4B32-4815-9558-98D6148F06B6}.Debug|iPhoneSimulator.Deploy.0 = Debug|Any CPU
		{4ABC9600-4B32-4815-9558-98D6148F06B6}.Debug|x64.ActiveCfg = Debug|Any CPU
		{4ABC9600-4B32-4815-9558-98D6148F06B6}.Debug|x64.Build.0 = Debug|Any CPU
		{4ABC9600-4B32-4815-9558-98D6148F06B6}.Debug|x64.Deploy.0 = Debug|Any CPU
		{4ABC9600-4B32-4815-9558-98D6148F06B6}.Debug|x86.ActiveCfg = Debug|Any CPU
		{4ABC9600-4B32-4815-9558-98D6148F06B6}.Debug|x86.Build.0 = Debug|Any CPU
		{4ABC9600-4B32-4815-9558-98D6148F06B6}.Debug|x86.Deploy.0 = Debug|Any CPU
		{4ABC9600-4B32-4815-9558-98D6148F06B6}.Release|Any CPU.ActiveCfg = Release|Any CPU
		{4ABC9600-4B32-4815-9558-98D6148F06B6}.Release|Any CPU.Build.0 = Release|Any CPU
		{4ABC9600-4B32-4815-9558-98D6148F06B6}.Release|Any CPU.Deploy.0 = Release|Any CPU
		{4ABC9600-4B32-4815-9558-98D6148F06B6}.Release|ARM.ActiveCfg = Release|Any CPU
		{4ABC9600-4B32-4815-9558-98D6148F06B6}.Release|ARM.Build.0 = Release|Any CPU
		{4ABC9600-4B32-4815-9558-98D6148F06B6}.Release|ARM.Deploy.0 = Release|Any CPU
		{4ABC9600-4B32-4815-9558-98D6148F06B6}.Release|iPhone.ActiveCfg = Release|Any CPU
		{4ABC9600-4B32-4815-9558-98D6148F06B6}.Release|iPhone.Build.0 = Release|Any CPU
		{4ABC9600-4B32-4815-9558-98D6148F06B6}.Release|iPhone.Deploy.0 = Release|Any CPU
		{4ABC9600-4B32-4815-9558-98D6148F06B6}.Release|iPhoneSimulator.ActiveCfg = Release|Any CPU
		{4ABC9600-4B32-4815-9558-98D6148F06B6}.Release|iPhoneSimulator.Build.0 = Release|Any CPU
		{4ABC9600-4B32-4815-9558-98D6148F06B6}.Release|iPhoneSimulator.Deploy.0 = Release|Any CPU
		{4ABC9600-4B32-4815-9558-98D6148F06B6}.Release|x64.ActiveCfg = Release|Any CPU
		{4ABC9600-4B32-4815-9558-98D6148F06B6}.Release|x64.Build.0 = Release|Any CPU
		{4ABC9600-4B32-4815-9558-98D6148F06B6}.Release|x64.Deploy.0 = Release|Any CPU
		{4ABC9600-4B32-4815-9558-98D6148F06B6}.Release|x86.ActiveCfg = Release|Any CPU
		{4ABC9600-4B32-4815-9558-98D6148F06B6}.Release|x86.Build.0 = Release|Any CPU
		{4ABC9600-4B32-4815-9558-98D6148F06B6}.Release|x86.Deploy.0 = Release|Any CPU
		{22A0718D-9613-44A0-8F5E-8369CD9DE228}.Ad-Hoc|Any CPU.ActiveCfg = Ad-Hoc|iPhone
		{22A0718D-9613-44A0-8F5E-8369CD9DE228}.Ad-Hoc|ARM.ActiveCfg = Ad-Hoc|iPhone
		{22A0718D-9613-44A0-8F5E-8369CD9DE228}.Ad-Hoc|iPhone.ActiveCfg = Ad-Hoc|iPhone
		{22A0718D-9613-44A0-8F5E-8369CD9DE228}.Ad-Hoc|iPhone.Build.0 = Ad-Hoc|iPhone
		{22A0718D-9613-44A0-8F5E-8369CD9DE228}.Ad-Hoc|iPhoneSimulator.ActiveCfg = Ad-Hoc|iPhoneSimulator
		{22A0718D-9613-44A0-8F5E-8369CD9DE228}.Ad-Hoc|iPhoneSimulator.Build.0 = Ad-Hoc|iPhoneSimulator
		{22A0718D-9613-44A0-8F5E-8369CD9DE228}.Ad-Hoc|x64.ActiveCfg = Ad-Hoc|iPhone
		{22A0718D-9613-44A0-8F5E-8369CD9DE228}.Ad-Hoc|x86.ActiveCfg = Ad-Hoc|iPhone
		{22A0718D-9613-44A0-8F5E-8369CD9DE228}.AppStore|Any CPU.ActiveCfg = AppStore|iPhone
		{22A0718D-9613-44A0-8F5E-8369CD9DE228}.AppStore|ARM.ActiveCfg = AppStore|iPhone
		{22A0718D-9613-44A0-8F5E-8369CD9DE228}.AppStore|iPhone.ActiveCfg = AppStore|iPhone
		{22A0718D-9613-44A0-8F5E-8369CD9DE228}.AppStore|iPhone.Build.0 = AppStore|iPhone
		{22A0718D-9613-44A0-8F5E-8369CD9DE228}.AppStore|iPhoneSimulator.ActiveCfg = AppStore|iPhoneSimulator
		{22A0718D-9613-44A0-8F5E-8369CD9DE228}.AppStore|iPhoneSimulator.Build.0 = AppStore|iPhoneSimulator
		{22A0718D-9613-44A0-8F5E-8369CD9DE228}.AppStore|x64.ActiveCfg = AppStore|iPhone
		{22A0718D-9613-44A0-8F5E-8369CD9DE228}.AppStore|x86.ActiveCfg = AppStore|iPhone
		{22A0718D-9613-44A0-8F5E-8369CD9DE228}.Debug|Any CPU.ActiveCfg = Debug|iPhone
		{22A0718D-9613-44A0-8F5E-8369CD9DE228}.Debug|ARM.ActiveCfg = Debug|iPhone
		{22A0718D-9613-44A0-8F5E-8369CD9DE228}.Debug|iPhone.ActiveCfg = Debug|iPhone
		{22A0718D-9613-44A0-8F5E-8369CD9DE228}.Debug|iPhone.Build.0 = Debug|iPhone
		{22A0718D-9613-44A0-8F5E-8369CD9DE228}.Debug|iPhoneSimulator.ActiveCfg = Debug|iPhoneSimulator
		{22A0718D-9613-44A0-8F5E-8369CD9DE228}.Debug|iPhoneSimulator.Build.0 = Debug|iPhoneSimulator
		{22A0718D-9613-44A0-8F5E-8369CD9DE228}.Debug|x64.ActiveCfg = Debug|iPhone
		{22A0718D-9613-44A0-8F5E-8369CD9DE228}.Debug|x86.ActiveCfg = Debug|iPhone
		{22A0718D-9613-44A0-8F5E-8369CD9DE228}.Release|Any CPU.ActiveCfg = Release|iPhone
		{22A0718D-9613-44A0-8F5E-8369CD9DE228}.Release|ARM.ActiveCfg = Release|iPhone
		{22A0718D-9613-44A0-8F5E-8369CD9DE228}.Release|iPhone.ActiveCfg = Release|iPhone
		{22A0718D-9613-44A0-8F5E-8369CD9DE228}.Release|iPhone.Build.0 = Release|iPhone
		{22A0718D-9613-44A0-8F5E-8369CD9DE228}.Release|iPhoneSimulator.ActiveCfg = Release|iPhoneSimulator
		{22A0718D-9613-44A0-8F5E-8369CD9DE228}.Release|iPhoneSimulator.Build.0 = Release|iPhoneSimulator
		{22A0718D-9613-44A0-8F5E-8369CD9DE228}.Release|x64.ActiveCfg = Release|iPhone
		{22A0718D-9613-44A0-8F5E-8369CD9DE228}.Release|x86.ActiveCfg = Release|iPhone
		{DBFC815C-9760-4604-852F-E037AB9841CB}.Ad-Hoc|Any CPU.ActiveCfg = Release|Any CPU
		{DBFC815C-9760-4604-852F-E037AB9841CB}.Ad-Hoc|Any CPU.Build.0 = Release|Any CPU
		{DBFC815C-9760-4604-852F-E037AB9841CB}.Ad-Hoc|Any CPU.Deploy.0 = Release|Any CPU
		{DBFC815C-9760-4604-852F-E037AB9841CB}.Ad-Hoc|ARM.ActiveCfg = Release|ARM
		{DBFC815C-9760-4604-852F-E037AB9841CB}.Ad-Hoc|ARM.Build.0 = Release|ARM
		{DBFC815C-9760-4604-852F-E037AB9841CB}.Ad-Hoc|ARM.Deploy.0 = Release|ARM
		{DBFC815C-9760-4604-852F-E037AB9841CB}.Ad-Hoc|iPhone.ActiveCfg = Release|Any CPU
		{DBFC815C-9760-4604-852F-E037AB9841CB}.Ad-Hoc|iPhone.Build.0 = Release|Any CPU
		{DBFC815C-9760-4604-852F-E037AB9841CB}.Ad-Hoc|iPhone.Deploy.0 = Release|Any CPU
		{DBFC815C-9760-4604-852F-E037AB9841CB}.Ad-Hoc|iPhoneSimulator.ActiveCfg = Release|Any CPU
		{DBFC815C-9760-4604-852F-E037AB9841CB}.Ad-Hoc|iPhoneSimulator.Build.0 = Release|Any CPU
		{DBFC815C-9760-4604-852F-E037AB9841CB}.Ad-Hoc|iPhoneSimulator.Deploy.0 = Release|Any CPU
		{DBFC815C-9760-4604-852F-E037AB9841CB}.Ad-Hoc|x64.ActiveCfg = Release|Any CPU
		{DBFC815C-9760-4604-852F-E037AB9841CB}.Ad-Hoc|x64.Build.0 = Release|Any CPU
		{DBFC815C-9760-4604-852F-E037AB9841CB}.Ad-Hoc|x64.Deploy.0 = Release|Any CPU
		{DBFC815C-9760-4604-852F-E037AB9841CB}.Ad-Hoc|x86.ActiveCfg = Release|x86
		{DBFC815C-9760-4604-852F-E037AB9841CB}.Ad-Hoc|x86.Build.0 = Release|x86
		{DBFC815C-9760-4604-852F-E037AB9841CB}.Ad-Hoc|x86.Deploy.0 = Release|x86
		{DBFC815C-9760-4604-852F-E037AB9841CB}.AppStore|Any CPU.ActiveCfg = Release|Any CPU
		{DBFC815C-9760-4604-852F-E037AB9841CB}.AppStore|Any CPU.Build.0 = Release|Any CPU
		{DBFC815C-9760-4604-852F-E037AB9841CB}.AppStore|Any CPU.Deploy.0 = Release|Any CPU
		{DBFC815C-9760-4604-852F-E037AB9841CB}.AppStore|ARM.ActiveCfg = Release|ARM
		{DBFC815C-9760-4604-852F-E037AB9841CB}.AppStore|ARM.Build.0 = Release|ARM
		{DBFC815C-9760-4604-852F-E037AB9841CB}.AppStore|ARM.Deploy.0 = Release|ARM
		{DBFC815C-9760-4604-852F-E037AB9841CB}.AppStore|iPhone.ActiveCfg = Release|Any CPU
		{DBFC815C-9760-4604-852F-E037AB9841CB}.AppStore|iPhone.Build.0 = Release|Any CPU
		{DBFC815C-9760-4604-852F-E037AB9841CB}.AppStore|iPhone.Deploy.0 = Release|Any CPU
		{DBFC815C-9760-4604-852F-E037AB9841CB}.AppStore|iPhoneSimulator.ActiveCfg = Release|Any CPU
		{DBFC815C-9760-4604-852F-E037AB9841CB}.AppStore|iPhoneSimulator.Build.0 = Release|Any CPU
		{DBFC815C-9760-4604-852F-E037AB9841CB}.AppStore|iPhoneSimulator.Deploy.0 = Release|Any CPU
		{DBFC815C-9760-4604-852F-E037AB9841CB}.AppStore|x64.ActiveCfg = Release|Any CPU
		{DBFC815C-9760-4604-852F-E037AB9841CB}.AppStore|x64.Build.0 = Release|Any CPU
		{DBFC815C-9760-4604-852F-E037AB9841CB}.AppStore|x64.Deploy.0 = Release|Any CPU
		{DBFC815C-9760-4604-852F-E037AB9841CB}.AppStore|x86.ActiveCfg = Release|x86
		{DBFC815C-9760-4604-852F-E037AB9841CB}.AppStore|x86.Build.0 = Release|x86
		{DBFC815C-9760-4604-852F-E037AB9841CB}.AppStore|x86.Deploy.0 = Release|x86
		{DBFC815C-9760-4604-852F-E037AB9841CB}.Debug|Any CPU.ActiveCfg = Debug|Any CPU
		{DBFC815C-9760-4604-852F-E037AB9841CB}.Debug|Any CPU.Build.0 = Debug|Any CPU
		{DBFC815C-9760-4604-852F-E037AB9841CB}.Debug|Any CPU.Deploy.0 = Debug|Any CPU
		{DBFC815C-9760-4604-852F-E037AB9841CB}.Debug|ARM.ActiveCfg = Debug|ARM
		{DBFC815C-9760-4604-852F-E037AB9841CB}.Debug|ARM.Build.0 = Debug|ARM
		{DBFC815C-9760-4604-852F-E037AB9841CB}.Debug|ARM.Deploy.0 = Debug|ARM
		{DBFC815C-9760-4604-852F-E037AB9841CB}.Debug|iPhone.ActiveCfg = Debug|Any CPU
		{DBFC815C-9760-4604-852F-E037AB9841CB}.Debug|iPhone.Build.0 = Debug|Any CPU
		{DBFC815C-9760-4604-852F-E037AB9841CB}.Debug|iPhone.Deploy.0 = Debug|Any CPU
		{DBFC815C-9760-4604-852F-E037AB9841CB}.Debug|iPhoneSimulator.ActiveCfg = Debug|Any CPU
		{DBFC815C-9760-4604-852F-E037AB9841CB}.Debug|iPhoneSimulator.Build.0 = Debug|Any CPU
		{DBFC815C-9760-4604-852F-E037AB9841CB}.Debug|iPhoneSimulator.Deploy.0 = Debug|Any CPU
		{DBFC815C-9760-4604-852F-E037AB9841CB}.Debug|x64.ActiveCfg = Debug|Any CPU
		{DBFC815C-9760-4604-852F-E037AB9841CB}.Debug|x64.Build.0 = Debug|Any CPU
		{DBFC815C-9760-4604-852F-E037AB9841CB}.Debug|x64.Deploy.0 = Debug|Any CPU
		{DBFC815C-9760-4604-852F-E037AB9841CB}.Debug|x86.ActiveCfg = Debug|x86
		{DBFC815C-9760-4604-852F-E037AB9841CB}.Debug|x86.Build.0 = Debug|x86
		{DBFC815C-9760-4604-852F-E037AB9841CB}.Debug|x86.Deploy.0 = Debug|x86
		{DBFC815C-9760-4604-852F-E037AB9841CB}.Release|Any CPU.ActiveCfg = Release|Any CPU
		{DBFC815C-9760-4604-852F-E037AB9841CB}.Release|Any CPU.Build.0 = Release|Any CPU
		{DBFC815C-9760-4604-852F-E037AB9841CB}.Release|Any CPU.Deploy.0 = Release|Any CPU
		{DBFC815C-9760-4604-852F-E037AB9841CB}.Release|ARM.ActiveCfg = Release|ARM
		{DBFC815C-9760-4604-852F-E037AB9841CB}.Release|ARM.Build.0 = Release|ARM
		{DBFC815C-9760-4604-852F-E037AB9841CB}.Release|ARM.Deploy.0 = Release|ARM
		{DBFC815C-9760-4604-852F-E037AB9841CB}.Release|iPhone.ActiveCfg = Release|Any CPU
		{DBFC815C-9760-4604-852F-E037AB9841CB}.Release|iPhone.Build.0 = Release|Any CPU
		{DBFC815C-9760-4604-852F-E037AB9841CB}.Release|iPhone.Deploy.0 = Release|Any CPU
		{DBFC815C-9760-4604-852F-E037AB9841CB}.Release|iPhoneSimulator.ActiveCfg = Release|Any CPU
		{DBFC815C-9760-4604-852F-E037AB9841CB}.Release|iPhoneSimulator.Build.0 = Release|Any CPU
		{DBFC815C-9760-4604-852F-E037AB9841CB}.Release|iPhoneSimulator.Deploy.0 = Release|Any CPU
		{DBFC815C-9760-4604-852F-E037AB9841CB}.Release|x64.ActiveCfg = Release|Any CPU
		{DBFC815C-9760-4604-852F-E037AB9841CB}.Release|x64.Build.0 = Release|Any CPU
		{DBFC815C-9760-4604-852F-E037AB9841CB}.Release|x64.Deploy.0 = Release|Any CPU
		{DBFC815C-9760-4604-852F-E037AB9841CB}.Release|x86.ActiveCfg = Release|x86
		{DBFC815C-9760-4604-852F-E037AB9841CB}.Release|x86.Build.0 = Release|x86
		{DBFC815C-9760-4604-852F-E037AB9841CB}.Release|x86.Deploy.0 = Release|x86
		{0B53F317-B4AF-47A2-81B9-E1FB6DAA946F}.Ad-Hoc|Any CPU.ActiveCfg = Release|Any CPU
		{0B53F317-B4AF-47A2-81B9-E1FB6DAA946F}.Ad-Hoc|Any CPU.Build.0 = Release|Any CPU
		{0B53F317-B4AF-47A2-81B9-E1FB6DAA946F}.Ad-Hoc|Any CPU.Deploy.0 = Release|Any CPU
		{0B53F317-B4AF-47A2-81B9-E1FB6DAA946F}.Ad-Hoc|ARM.ActiveCfg = Release|ARM
		{0B53F317-B4AF-47A2-81B9-E1FB6DAA946F}.Ad-Hoc|ARM.Build.0 = Release|ARM
		{0B53F317-B4AF-47A2-81B9-E1FB6DAA946F}.Ad-Hoc|ARM.Deploy.0 = Release|ARM
		{0B53F317-B4AF-47A2-81B9-E1FB6DAA946F}.Ad-Hoc|iPhone.ActiveCfg = Release|Any CPU
		{0B53F317-B4AF-47A2-81B9-E1FB6DAA946F}.Ad-Hoc|iPhone.Build.0 = Release|Any CPU
		{0B53F317-B4AF-47A2-81B9-E1FB6DAA946F}.Ad-Hoc|iPhone.Deploy.0 = Release|Any CPU
		{0B53F317-B4AF-47A2-81B9-E1FB6DAA946F}.Ad-Hoc|iPhoneSimulator.ActiveCfg = Release|Any CPU
		{0B53F317-B4AF-47A2-81B9-E1FB6DAA946F}.Ad-Hoc|iPhoneSimulator.Build.0 = Release|Any CPU
		{0B53F317-B4AF-47A2-81B9-E1FB6DAA946F}.Ad-Hoc|iPhoneSimulator.Deploy.0 = Release|Any CPU
		{0B53F317-B4AF-47A2-81B9-E1FB6DAA946F}.Ad-Hoc|x64.ActiveCfg = Release|x64
		{0B53F317-B4AF-47A2-81B9-E1FB6DAA946F}.Ad-Hoc|x64.Build.0 = Release|x64
		{0B53F317-B4AF-47A2-81B9-E1FB6DAA946F}.Ad-Hoc|x64.Deploy.0 = Release|x64
		{0B53F317-B4AF-47A2-81B9-E1FB6DAA946F}.Ad-Hoc|x86.ActiveCfg = Release|x86
		{0B53F317-B4AF-47A2-81B9-E1FB6DAA946F}.Ad-Hoc|x86.Build.0 = Release|x86
		{0B53F317-B4AF-47A2-81B9-E1FB6DAA946F}.Ad-Hoc|x86.Deploy.0 = Release|x86
		{0B53F317-B4AF-47A2-81B9-E1FB6DAA946F}.AppStore|Any CPU.ActiveCfg = Release|Any CPU
		{0B53F317-B4AF-47A2-81B9-E1FB6DAA946F}.AppStore|Any CPU.Build.0 = Release|Any CPU
		{0B53F317-B4AF-47A2-81B9-E1FB6DAA946F}.AppStore|Any CPU.Deploy.0 = Release|Any CPU
		{0B53F317-B4AF-47A2-81B9-E1FB6DAA946F}.AppStore|ARM.ActiveCfg = Release|ARM
		{0B53F317-B4AF-47A2-81B9-E1FB6DAA946F}.AppStore|ARM.Build.0 = Release|ARM
		{0B53F317-B4AF-47A2-81B9-E1FB6DAA946F}.AppStore|ARM.Deploy.0 = Release|ARM
		{0B53F317-B4AF-47A2-81B9-E1FB6DAA946F}.AppStore|iPhone.ActiveCfg = Release|Any CPU
		{0B53F317-B4AF-47A2-81B9-E1FB6DAA946F}.AppStore|iPhone.Build.0 = Release|Any CPU
		{0B53F317-B4AF-47A2-81B9-E1FB6DAA946F}.AppStore|iPhone.Deploy.0 = Release|Any CPU
		{0B53F317-B4AF-47A2-81B9-E1FB6DAA946F}.AppStore|iPhoneSimulator.ActiveCfg = Release|Any CPU
		{0B53F317-B4AF-47A2-81B9-E1FB6DAA946F}.AppStore|iPhoneSimulator.Build.0 = Release|Any CPU
		{0B53F317-B4AF-47A2-81B9-E1FB6DAA946F}.AppStore|iPhoneSimulator.Deploy.0 = Release|Any CPU
		{0B53F317-B4AF-47A2-81B9-E1FB6DAA946F}.AppStore|x64.ActiveCfg = Release|x64
		{0B53F317-B4AF-47A2-81B9-E1FB6DAA946F}.AppStore|x64.Build.0 = Release|x64
		{0B53F317-B4AF-47A2-81B9-E1FB6DAA946F}.AppStore|x64.Deploy.0 = Release|x64
		{0B53F317-B4AF-47A2-81B9-E1FB6DAA946F}.AppStore|x86.ActiveCfg = Release|x86
		{0B53F317-B4AF-47A2-81B9-E1FB6DAA946F}.AppStore|x86.Build.0 = Release|x86
		{0B53F317-B4AF-47A2-81B9-E1FB6DAA946F}.AppStore|x86.Deploy.0 = Release|x86
		{0B53F317-B4AF-47A2-81B9-E1FB6DAA946F}.Debug|Any CPU.ActiveCfg = Debug|Any CPU
		{0B53F317-B4AF-47A2-81B9-E1FB6DAA946F}.Debug|Any CPU.Build.0 = Debug|Any CPU
		{0B53F317-B4AF-47A2-81B9-E1FB6DAA946F}.Debug|Any CPU.Deploy.0 = Debug|Any CPU
		{0B53F317-B4AF-47A2-81B9-E1FB6DAA946F}.Debug|ARM.ActiveCfg = Debug|ARM
		{0B53F317-B4AF-47A2-81B9-E1FB6DAA946F}.Debug|ARM.Build.0 = Debug|ARM
		{0B53F317-B4AF-47A2-81B9-E1FB6DAA946F}.Debug|ARM.Deploy.0 = Debug|ARM
		{0B53F317-B4AF-47A2-81B9-E1FB6DAA946F}.Debug|iPhone.ActiveCfg = Debug|Any CPU
		{0B53F317-B4AF-47A2-81B9-E1FB6DAA946F}.Debug|iPhone.Build.0 = Debug|Any CPU
		{0B53F317-B4AF-47A2-81B9-E1FB6DAA946F}.Debug|iPhone.Deploy.0 = Debug|Any CPU
		{0B53F317-B4AF-47A2-81B9-E1FB6DAA946F}.Debug|iPhoneSimulator.ActiveCfg = Debug|Any CPU
		{0B53F317-B4AF-47A2-81B9-E1FB6DAA946F}.Debug|iPhoneSimulator.Build.0 = Debug|Any CPU
		{0B53F317-B4AF-47A2-81B9-E1FB6DAA946F}.Debug|iPhoneSimulator.Deploy.0 = Debug|Any CPU
		{0B53F317-B4AF-47A2-81B9-E1FB6DAA946F}.Debug|x64.ActiveCfg = Debug|x64
		{0B53F317-B4AF-47A2-81B9-E1FB6DAA946F}.Debug|x64.Build.0 = Debug|x64
		{0B53F317-B4AF-47A2-81B9-E1FB6DAA946F}.Debug|x64.Deploy.0 = Debug|x64
		{0B53F317-B4AF-47A2-81B9-E1FB6DAA946F}.Debug|x86.ActiveCfg = Debug|x86
		{0B53F317-B4AF-47A2-81B9-E1FB6DAA946F}.Debug|x86.Build.0 = Debug|x86
		{0B53F317-B4AF-47A2-81B9-E1FB6DAA946F}.Debug|x86.Deploy.0 = Debug|x86
		{0B53F317-B4AF-47A2-81B9-E1FB6DAA946F}.Release|Any CPU.ActiveCfg = Release|Any CPU
		{0B53F317-B4AF-47A2-81B9-E1FB6DAA946F}.Release|Any CPU.Build.0 = Release|Any CPU
		{0B53F317-B4AF-47A2-81B9-E1FB6DAA946F}.Release|Any CPU.Deploy.0 = Release|Any CPU
		{0B53F317-B4AF-47A2-81B9-E1FB6DAA946F}.Release|ARM.ActiveCfg = Release|ARM
		{0B53F317-B4AF-47A2-81B9-E1FB6DAA946F}.Release|ARM.Build.0 = Release|ARM
		{0B53F317-B4AF-47A2-81B9-E1FB6DAA946F}.Release|ARM.Deploy.0 = Release|ARM
		{0B53F317-B4AF-47A2-81B9-E1FB6DAA946F}.Release|iPhone.ActiveCfg = Release|Any CPU
		{0B53F317-B4AF-47A2-81B9-E1FB6DAA946F}.Release|iPhone.Build.0 = Release|Any CPU
		{0B53F317-B4AF-47A2-81B9-E1FB6DAA946F}.Release|iPhone.Deploy.0 = Release|Any CPU
		{0B53F317-B4AF-47A2-81B9-E1FB6DAA946F}.Release|iPhoneSimulator.ActiveCfg = Release|Any CPU
		{0B53F317-B4AF-47A2-81B9-E1FB6DAA946F}.Release|iPhoneSimulator.Build.0 = Release|Any CPU
		{0B53F317-B4AF-47A2-81B9-E1FB6DAA946F}.Release|iPhoneSimulator.Deploy.0 = Release|Any CPU
		{0B53F317-B4AF-47A2-81B9-E1FB6DAA946F}.Release|x64.ActiveCfg = Release|x64
		{0B53F317-B4AF-47A2-81B9-E1FB6DAA946F}.Release|x64.Build.0 = Release|x64
		{0B53F317-B4AF-47A2-81B9-E1FB6DAA946F}.Release|x64.Deploy.0 = Release|x64
		{0B53F317-B4AF-47A2-81B9-E1FB6DAA946F}.Release|x86.ActiveCfg = Release|x86
		{0B53F317-B4AF-47A2-81B9-E1FB6DAA946F}.Release|x86.Build.0 = Release|x86
		{0B53F317-B4AF-47A2-81B9-E1FB6DAA946F}.Release|x86.Deploy.0 = Release|x86
		{67F9D3A8-F71E-4428-913F-C37AE82CDB24}.Ad-Hoc|Any CPU.ActiveCfg = Release|Any CPU
		{67F9D3A8-F71E-4428-913F-C37AE82CDB24}.Ad-Hoc|Any CPU.Build.0 = Release|Any CPU
		{67F9D3A8-F71E-4428-913F-C37AE82CDB24}.Ad-Hoc|ARM.ActiveCfg = Release|Any CPU
		{67F9D3A8-F71E-4428-913F-C37AE82CDB24}.Ad-Hoc|ARM.Build.0 = Release|Any CPU
		{67F9D3A8-F71E-4428-913F-C37AE82CDB24}.Ad-Hoc|iPhone.ActiveCfg = Release|Any CPU
		{67F9D3A8-F71E-4428-913F-C37AE82CDB24}.Ad-Hoc|iPhone.Build.0 = Release|Any CPU
		{67F9D3A8-F71E-4428-913F-C37AE82CDB24}.Ad-Hoc|iPhoneSimulator.ActiveCfg = Release|Any CPU
		{67F9D3A8-F71E-4428-913F-C37AE82CDB24}.Ad-Hoc|iPhoneSimulator.Build.0 = Release|Any CPU
		{67F9D3A8-F71E-4428-913F-C37AE82CDB24}.Ad-Hoc|x64.ActiveCfg = Release|Any CPU
		{67F9D3A8-F71E-4428-913F-C37AE82CDB24}.Ad-Hoc|x64.Build.0 = Release|Any CPU
		{67F9D3A8-F71E-4428-913F-C37AE82CDB24}.Ad-Hoc|x86.ActiveCfg = Release|Any CPU
		{67F9D3A8-F71E-4428-913F-C37AE82CDB24}.Ad-Hoc|x86.Build.0 = Release|Any CPU
		{67F9D3A8-F71E-4428-913F-C37AE82CDB24}.AppStore|Any CPU.ActiveCfg = Release|Any CPU
		{67F9D3A8-F71E-4428-913F-C37AE82CDB24}.AppStore|Any CPU.Build.0 = Release|Any CPU
		{67F9D3A8-F71E-4428-913F-C37AE82CDB24}.AppStore|ARM.ActiveCfg = Release|Any CPU
		{67F9D3A8-F71E-4428-913F-C37AE82CDB24}.AppStore|ARM.Build.0 = Release|Any CPU
		{67F9D3A8-F71E-4428-913F-C37AE82CDB24}.AppStore|iPhone.ActiveCfg = Release|Any CPU
		{67F9D3A8-F71E-4428-913F-C37AE82CDB24}.AppStore|iPhone.Build.0 = Release|Any CPU
		{67F9D3A8-F71E-4428-913F-C37AE82CDB24}.AppStore|iPhoneSimulator.ActiveCfg = Release|Any CPU
		{67F9D3A8-F71E-4428-913F-C37AE82CDB24}.AppStore|iPhoneSimulator.Build.0 = Release|Any CPU
		{67F9D3A8-F71E-4428-913F-C37AE82CDB24}.AppStore|x64.ActiveCfg = Release|Any CPU
		{67F9D3A8-F71E-4428-913F-C37AE82CDB24}.AppStore|x64.Build.0 = Release|Any CPU
		{67F9D3A8-F71E-4428-913F-C37AE82CDB24}.AppStore|x86.ActiveCfg = Release|Any CPU
		{67F9D3A8-F71E-4428-913F-C37AE82CDB24}.AppStore|x86.Build.0 = Release|Any CPU
		{67F9D3A8-F71E-4428-913F-C37AE82CDB24}.Debug|Any CPU.ActiveCfg = Debug|Any CPU
		{67F9D3A8-F71E-4428-913F-C37AE82CDB24}.Debug|Any CPU.Build.0 = Debug|Any CPU
		{67F9D3A8-F71E-4428-913F-C37AE82CDB24}.Debug|ARM.ActiveCfg = Debug|Any CPU
		{67F9D3A8-F71E-4428-913F-C37AE82CDB24}.Debug|ARM.Build.0 = Debug|Any CPU
		{67F9D3A8-F71E-4428-913F-C37AE82CDB24}.Debug|iPhone.ActiveCfg = Debug|Any CPU
		{67F9D3A8-F71E-4428-913F-C37AE82CDB24}.Debug|iPhone.Build.0 = Debug|Any CPU
		{67F9D3A8-F71E-4428-913F-C37AE82CDB24}.Debug|iPhoneSimulator.ActiveCfg = Debug|Any CPU
		{67F9D3A8-F71E-4428-913F-C37AE82CDB24}.Debug|iPhoneSimulator.Build.0 = Debug|Any CPU
		{67F9D3A8-F71E-4428-913F-C37AE82CDB24}.Debug|x64.ActiveCfg = Debug|Any CPU
		{67F9D3A8-F71E-4428-913F-C37AE82CDB24}.Debug|x64.Build.0 = Debug|Any CPU
		{67F9D3A8-F71E-4428-913F-C37AE82CDB24}.Debug|x86.ActiveCfg = Debug|Any CPU
		{67F9D3A8-F71E-4428-913F-C37AE82CDB24}.Debug|x86.Build.0 = Debug|Any CPU
		{67F9D3A8-F71E-4428-913F-C37AE82CDB24}.Release|Any CPU.ActiveCfg = Release|Any CPU
		{67F9D3A8-F71E-4428-913F-C37AE82CDB24}.Release|Any CPU.Build.0 = Release|Any CPU
		{67F9D3A8-F71E-4428-913F-C37AE82CDB24}.Release|ARM.ActiveCfg = Release|Any CPU
		{67F9D3A8-F71E-4428-913F-C37AE82CDB24}.Release|ARM.Build.0 = Release|Any CPU
		{67F9D3A8-F71E-4428-913F-C37AE82CDB24}.Release|iPhone.ActiveCfg = Release|Any CPU
		{67F9D3A8-F71E-4428-913F-C37AE82CDB24}.Release|iPhone.Build.0 = Release|Any CPU
		{67F9D3A8-F71E-4428-913F-C37AE82CDB24}.Release|iPhoneSimulator.ActiveCfg = Release|Any CPU
		{67F9D3A8-F71E-4428-913F-C37AE82CDB24}.Release|iPhoneSimulator.Build.0 = Release|Any CPU
		{67F9D3A8-F71E-4428-913F-C37AE82CDB24}.Release|x64.ActiveCfg = Release|Any CPU
		{67F9D3A8-F71E-4428-913F-C37AE82CDB24}.Release|x64.Build.0 = Release|Any CPU
		{67F9D3A8-F71E-4428-913F-C37AE82CDB24}.Release|x86.ActiveCfg = Release|Any CPU
		{67F9D3A8-F71E-4428-913F-C37AE82CDB24}.Release|x86.Build.0 = Release|Any CPU
	EndGlobalSection
	GlobalSection(SolutionProperties) = preSolution
		HideSolutionNode = FALSE
	EndGlobalSection
EndGlobal
